<?xml version="1.0" encoding="utf-8"?>
<Project ToolsVersion="4.0" xmlns="http://schemas.microsoft.com/developer/msbuild/2003">
  <ItemGroup>
    <Filter Include="资源文件">
      <UniqueIdentifier>{67DA6AB6-F800-4c08-8B7A-83BB121AAD01}</UniqueIdentifier>
      <Extensions>rc;ico;cur;bmp;dlg;rc2;rct;bin;rgs;gif;jpg;jpeg;jpe;resx;tiff;tif;png;wav;mfcribbon-ms</Extensions>
    </Filter>
    <Filter Include="ui">
      <UniqueIdentifier>{8ae7fa65-80e5-4d23-9102-70065b1924b8}</UniqueIdentifier>
    </Filter>
    <Filter Include="core">
      <UniqueIdentifier>{e6f27a40-a171-4ec2-9848-564fddde9e23}</UniqueIdentifier>
    </Filter>
    <Filter Include="thread">
      <UniqueIdentifier>{5b3bc94a-2309-4ae3-9e4d-f8cac30aa600}</UniqueIdentifier>
    </Filter>
    <Filter Include="linker">
      <UniqueIdentifier>{10dd444c-26ec-4e28-a168-c24e503770a4}</UniqueIdentifier>
    </Filter>
    <Filter Include="pref">
      <UniqueIdentifier>{b8a5ea1a-a44c-4d77-a636-6048a386e2f7}</UniqueIdentifier>
    </Filter>
  </ItemGroup>
  <ItemGroup>
    <ClCompile Include="ui\ControlBuilder.cpp">
      <Filter>ui</Filter>
    </ClCompile>
    <ClCompile Include="ui\DIBitmap.cpp">
      <Filter>ui</Filter>
    </ClCompile>
    <ClCompile Include="ui\MainWindow.cpp">
      <Filter>ui</Filter>
    </ClCompile>
    <ClCompile Include="ui\TemperatureColorTableUI.cpp">
      <Filter>ui</Filter>
    </ClCompile>
    <ClCompile Include="core\CameraSettings.cpp">
      <Filter>core</Filter>
    </ClCompile>
    <ClCompile Include="thread\MessageQueueThread.cpp">
      <Filter>thread</Filter>
    </ClCompile>
    <ClCompile Include="thread\MessageLoop.cpp">
      <Filter>thread</Filter>
    </ClCompile>
    <ClCompile Include="thread\Mutex.cpp">
      <Filter>thread</Filter>
    </ClCompile>
    <ClCompile Include="thread\MessageLoopManager.cpp">
      <Filter>thread</Filter>
    </ClCompile>
    <ClCompile Include="core\CameraDevice.cpp">
      <Filter>core</Filter>
    </ClCompile>
    <ClCompile Include="ui\CameraImageUI.cpp">
      <Filter>ui</Filter>
    </ClCompile>
    <ClCompile Include="core\CameraImageModel.cpp">
      <Filter>core</Filter>
    </ClCompile>
    <ClCompile Include="ui\CameraImageContainerUI.cpp">
      <Filter>ui</Filter>
    </ClCompile>
    <ClCompile Include="ui\CameraImageListUI.cpp">
      <Filter>ui</Filter>
    </ClCompile>
    <ClCompile Include="linker\CameraImageContainerDeviceLinker.cpp">
      <Filter>linker</Filter>
    </ClCompile>
    <ClCompile Include="pref\CameraInfoPref.cpp">
      <Filter>pref</Filter>
    </ClCompile>
    <ClCompile Include="ui\CameraInfoUI.cpp">
      <Filter>ui</Filter>
    </ClCompile>
    <ClCompile Include="ui\ButtonEditUITransform.cpp">
      <Filter>ui</Filter>
    </ClCompile>
    <ClCompile Include="ui\CameraPrefLayoutUI.cpp">
      <Filter>ui</Filter>
    </ClCompile>
    <ClCompile Include="ui\CameraInfoListUI.cpp">
      <Filter>ui</Filter>
    </ClCompile>
    <ClCompile Include="linker\CameraImageLinkerList.cpp">
      <Filter>linker</Filter>
    </ClCompile>
    <ClCompile Include="ui\CameraInfoPrefLayout.cpp">
      <Filter>ui</Filter>
    </ClCompile>
    <ClCompile Include="linker\CameraInfoListLinker.cpp">
      <Filter>linker</Filter>
    </ClCompile>
    <ClCompile Include="linker\CameraPrefLinker.cpp">
      <Filter>linker</Filter>
    </ClCompile>
    <ClCompile Include="linker\MainLinker.cpp">
      <Filter>linker</Filter>
    </ClCompile>
    <ClCompile Include="core\WinMain.cpp">
      <Filter>core</Filter>
    </ClCompile>
  </ItemGroup>
  <ItemGroup>
    <ClInclude Include="ui\ControlBuilder.h">
      <Filter>ui</Filter>
    </ClInclude>
    <ClInclude Include="ui\DIBitmap.h">
      <Filter>ui</Filter>
    </ClInclude>
    <ClInclude Include="ui\MainWindow.h">
      <Filter>ui</Filter>
    </ClInclude>
    <ClInclude Include="ui\TemperatureColorTableUI.h">
      <Filter>ui</Filter>
    </ClInclude>
    <ClInclude Include="core\CameraSettings.h">
      <Filter>core</Filter>
    </ClInclude>
    <ClInclude Include="thread\MessageQueueThread.h">
      <Filter>thread</Filter>
    </ClInclude>
    <ClInclude Include="thread\MessageLoop.h">
      <Filter>thread</Filter>
    </ClInclude>
    <ClInclude Include="thread\Mutex.h">
      <Filter>thread</Filter>
    </ClInclude>
    <ClInclude Include="thread\MessageLoopManager.h">
      <Filter>thread</Filter>
    </ClInclude>
    <ClInclude Include="core\CameraDevice.h">
      <Filter>core</Filter>
    </ClInclude>
    <ClInclude Include="core\CameraDeviceObserver.h">
      <Filter>core</Filter>
    </ClInclude>
    <ClInclude Include="core\CameraImageModel.h">
      <Filter>core</Filter>
    </ClInclude>
    <ClInclude Include="ui\CameraImageUI.h">
      <Filter>ui</Filter>
    </ClInclude>
    <ClInclude Include="core\ImageBuffer.h">
      <Filter>core</Filter>
    </ClInclude>
    <ClInclude Include="ui\CameraImageContainerUI.h">
      <Filter>ui</Filter>
    </ClInclude>
    <ClInclude Include="ui\CameraImageListUI.h">
      <Filter>ui</Filter>
    </ClInclude>
    <ClInclude Include="ui\CameraImageBuilder.h">
      <Filter>ui</Filter>
    </ClInclude>
    <ClInclude Include="linker\CameraImageContainerDeviceLinker.h">
      <Filter>linker</Filter>
    </ClInclude>
    <ClInclude Include="linker\CameraSampleAction.h">
      <Filter>linker</Filter>
    </ClInclude>
    <ClInclude Include="linker\CameraSampleDriver.h">
      <Filter>linker</Filter>
    </ClInclude>
    <ClInclude Include="linker\CameraSamplePosChanger.h">
      <Filter>linker</Filter>
    </ClInclude>
    <ClInclude Include="ui\CameraImageContainerUIObserver.h">
      <Filter>ui</Filter>
    </ClInclude>
    <ClInclude Include="linker\CameraImageLinkerList.h">
      <Filter>linker</Filter>
    </ClInclude>
    <ClInclude Include="pref\CameraInfoPref.h">
      <Filter>pref</Filter>
    </ClInclude>
    <ClInclude Include="pref\CameraInfoPrefObserver.h">
      <Filter>pref</Filter>
    </ClInclude>
    <ClInclude Include="ui\CameraInfoUI.h">
      <Filter>ui</Filter>
    </ClInclude>
    <ClInclude Include="ui\CommonUIOperator.h">
      <Filter>ui</Filter>
    </ClInclude>
    <ClInclude Include="ui\ButtonEditUITransform.h">
      <Filter>ui</Filter>
    </ClInclude>
    <ClInclude Include="ui\CameraPrefLayoutUI.h">
      <Filter>ui</Filter>
    </ClInclude>
    <ClInclude Include="ui\CameraInfoPrefBuilder.h">
      <Filter>ui</Filter>
    </ClInclude>
    <ClInclude Include="ui\CameraInfoListUI.h">
      <Filter>ui</Filter>
    </ClInclude>
    <ClInclude Include="ui\CameraInfoPrefLayout.h">
      <Filter>ui</Filter>
    </ClInclude>
    <ClInclude Include="linker\CameraInfoListLinker.h">
      <Filter>linker</Filter>
    </ClInclude>
    <ClInclude Include="linker\CameraPrefLinker.h">
      <Filter>linker</Filter>
    </ClInclude>
    <ClInclude Include="ui\TabLayoutSwitcher.h">
      <Filter>ui</Filter>
    </ClInclude>
    <ClInclude Include="ui\CameraPrefLayoutUIObserver.h">
      <Filter>ui</Filter>
    </ClInclude>
    <ClInclude Include="linker\MainLinker.h">
      <Filter>linker</Filter>
    </ClInclude>
    <ClInclude Include="thread\MessageDispatcher.h">
      <Filter>thread</Filter>
    </ClInclude>
  </ItemGroup>
</Project>