<?xml version="1.0" encoding="utf-8"?>
<Project ToolsVersion="4.0" xmlns="http://schemas.microsoft.com/developer/msbuild/2003">
  <ItemGroup>
    <Filter Include="资源文件">
      <UniqueIdentifier>{67DA6AB6-F800-4c08-8B7A-83BB121AAD01}</UniqueIdentifier>
      <Extensions>rc;ico;cur;bmp;dlg;rc2;rct;bin;rgs;gif;jpg;jpeg;jpe;resx;tiff;tif;png;wav;mfcribbon-ms</Extensions>
    </Filter>
    <Filter Include="ui">
      <UniqueIdentifier>{8ae7fa65-80e5-4d23-9102-70065b1924b8}</UniqueIdentifier>
    </Filter>
    <Filter Include="core">
      <UniqueIdentifier>{e6f27a40-a171-4ec2-9848-564fddde9e23}</UniqueIdentifier>
    </Filter>
    <Filter Include="thread">
      <UniqueIdentifier>{5b3bc94a-2309-4ae3-9e4d-f8cac30aa600}</UniqueIdentifier>
    </Filter>
  </ItemGroup>
  <ItemGroup>
    <ClCompile Include="ui\ControlBuilder.cpp">
      <Filter>ui</Filter>
    </ClCompile>
    <ClCompile Include="ui\DIBitmap.cpp">
      <Filter>ui</Filter>
    </ClCompile>
    <ClCompile Include="ui\MainWindow.cpp">
      <Filter>ui</Filter>
    </ClCompile>
    <ClCompile Include="ui\TemperatureColorTableUI.cpp">
      <Filter>ui</Filter>
    </ClCompile>
    <ClCompile Include="core\CameraSettings.cpp">
      <Filter>core</Filter>
    </ClCompile>
    <ClCompile Include="thread\MessageQueueThread.cpp">
      <Filter>thread</Filter>
    </ClCompile>
    <ClCompile Include="thread\MessageLoop.cpp">
      <Filter>thread</Filter>
    </ClCompile>
    <ClCompile Include="thread\Mutex.cpp">
      <Filter>thread</Filter>
    </ClCompile>
    <ClCompile Include="thread\MessageLoopManager.cpp">
      <Filter>thread</Filter>
    </ClCompile>
    <ClCompile Include="core\CameraDevice.cpp">
      <Filter>core</Filter>
    </ClCompile>
    <ClCompile Include="ui\CameraImageUI.cpp">
      <Filter>ui</Filter>
    </ClCompile>
    <ClCompile Include="core\CameraImageModel.cpp">
      <Filter>core</Filter>
    </ClCompile>
    <ClCompile Include="ui\CameraImageContainerUI.cpp">
      <Filter>ui</Filter>
    </ClCompile>
    <ClCompile Include="ui\CameraImageListUI.cpp">
      <Filter>ui</Filter>
    </ClCompile>
  </ItemGroup>
  <ItemGroup>
    <ClInclude Include="ui\ControlBuilder.h">
      <Filter>ui</Filter>
    </ClInclude>
    <ClInclude Include="ui\DIBitmap.h">
      <Filter>ui</Filter>
    </ClInclude>
    <ClInclude Include="ui\MainWindow.h">
      <Filter>ui</Filter>
    </ClInclude>
    <ClInclude Include="ui\TemperatureColorTableUI.h">
      <Filter>ui</Filter>
    </ClInclude>
    <ClInclude Include="core\CameraSettings.h">
      <Filter>core</Filter>
    </ClInclude>
    <ClInclude Include="thread\MessageQueueThread.h">
      <Filter>thread</Filter>
    </ClInclude>
    <ClInclude Include="thread\MessageLoop.h">
      <Filter>thread</Filter>
    </ClInclude>
    <ClInclude Include="thread\Mutex.h">
      <Filter>thread</Filter>
    </ClInclude>
    <ClInclude Include="thread\MessageLoopManager.h">
      <Filter>thread</Filter>
    </ClInclude>
    <ClInclude Include="core\CameraDevice.h">
      <Filter>core</Filter>
    </ClInclude>
    <ClInclude Include="core\CameraDeviceObserver.h">
      <Filter>core</Filter>
    </ClInclude>
    <ClInclude Include="core\CameraImageModel.h">
      <Filter>core</Filter>
    </ClInclude>
    <ClInclude Include="ui\CameraImageUI.h">
      <Filter>ui</Filter>
    </ClInclude>
    <ClInclude Include="core\ImageBuffer.h">
      <Filter>core</Filter>
    </ClInclude>
    <ClInclude Include="ui\CameraImageContainerUI.h">
      <Filter>ui</Filter>
    </ClInclude>
    <ClInclude Include="ui\CameraImageListUI.h">
      <Filter>ui</Filter>
    </ClInclude>
    <ClInclude Include="ui\CameraImageBuilder.h">
      <Filter>ui</Filter>
    </ClInclude>
  </ItemGroup>
</Project>